
Microsoft Visual Studio Solution File, Format Version 12.00
# Visual Studio Version 16
VisualStudioVersion = 16.0.33214.272
MinimumVisualStudioVersion = 10.0.40219.1
Project("{FAE04EC0-301F-11D3-BF4B-00C04F79EFBC}") = "Mission02", "Mission02\Mission02.csproj", "{F198DCCB-0ACB-43A3-9644-D415D11B28C6}"
EndProject
Global
	GlobalSection(SolutionConfigurationPlatforms) = preSolution
		Debug|Any CPU = Debug|Any CPU
		Release|Any CPU = Release|Any CPU
	EndGlobalSection
	GlobalSection(ProjectConfigurationPlatforms) = postSolution
		{F198DCCB-0ACB-43A3-9644-D415D11B28C6}.Debug|Any CPU.ActiveCfg = Debug|Any CPU
		{F198DCCB-0ACB-43A3-9644-D415D11B28C6}.Debug|Any CPU.Build.0 = Debug|Any CPU
		{F198DCCB-0ACB-43A3-9644-D415D11B28C6}.Release|Any CPU.ActiveCfg = Release|Any CPU
		{F198DCCB-0ACB-43A3-9644-D415D11B28C6}.Release|Any CPU.Build.0 = Release|Any CPU
	EndGlobalSection
	GlobalSection(SolutionProperties) = preSolution
		HideSolutionNode = FALSE
	EndGlobalSection
	GlobalSection(ExtensibilityGlobals) = postSolution
		SolutionGuid = {1A48A31C-FC70-446A-88CB-8551BB18A10B}
	EndGlobalSection
EndGlobal
